
Microsoft Visual Studio Solution File, Format Version 12.00
# Visual Studio 15
VisualStudioVersion = 15.0.28010.2050
MinimumVisualStudioVersion = 10.0.40219.1
Project("{FAE04EC0-301F-11D3-BF4B-00C04F79EFBC}") = "Traffic-Man", "Traffic-Man\Traffic-Man.csproj", "{F9172819-F3B0-4A8F-BB5B-A20FE75B04DB}"
EndProject
Global
	GlobalSection(SolutionConfigurationPlatforms) = preSolution
		Debug|Any CPU = Debug|Any CPU
		Release|Any CPU = Release|Any CPU
	EndGlobalSection
	GlobalSection(ProjectConfigurationPlatforms) = postSolution
		{F9172819-F3B0-4A8F-BB5B-A20FE75B04DB}.Debug|Any CPU.ActiveCfg = Debug|Any CPU
		{F9172819-F3B0-4A8F-BB5B-A20FE75B04DB}.Debug|Any CPU.Build.0 = Debug|Any CPU
		{F9172819-F3B0-4A8F-BB5B-A20FE75B04DB}.Release|Any CPU.ActiveCfg = Release|Any CPU
		{F9172819-F3B0-4A8F-BB5B-A20FE75B04DB}.Release|Any CPU.Build.0 = Release|Any CPU
	EndGlobalSection
	GlobalSection(SolutionProperties) = preSolution
		HideSolutionNode = FALSE
	EndGlobalSection
	GlobalSection(ExtensibilityGlobals) = postSolution
		SolutionGuid = {F14373E6-F5A0-4105-9FBB-121750E39F33}
	EndGlobalSection
EndGlobal
